
Microsoft Visual Studio Solution File, Format Version 12.00
# Visual Studio Version 17
VisualStudioVersion = 17.2.32616.157
MinimumVisualStudioVersion = 10.0.40219.1
Project("{FAE04EC0-301F-11D3-BF4B-00C04F79EFBC}") = "IceCoffee.Template.WebApi", "src\IceCoffee.Template.WebApi\IceCoffee.Template.WebApi.csproj", "{87B738BB-34F6-4AB1-A583-B015F29369C9}"
EndProject
Project("{FAE04EC0-301F-11D3-BF4B-00C04F79EFBC}") = "IceCoffee.Template.Data", "src\IceCoffee.Template.Data\IceCoffee.Template.Data.csproj", "{54F351AA-6CA9-4AE0-AC37-06D860A2604B}"
EndProject
Project("{2150E333-8FDC-42A3-9474-1A3956D46DE8}") = "Shared", "Shared", "{17B3A643-544E-43FA-8AC7-F9CF2B3BB2BD}"
EndProject
Project("{9A19103F-16F7-4668-BE54-9A1E7A4F7556}") = "IceCoffee.DbCore", "..\IceCoffee.DbCore\IceCoffee.DbCore\IceCoffee.DbCore.csproj", "{1559E8E3-92FA-410A-BE28-6DF2492ED2D9}"
EndProject
Project("{9A19103F-16F7-4668-BE54-9A1E7A4F7556}") = "IceCoffee.AspNetCore", "..\IceCoffee.AspNetCore\IceCoffee.AspNetCore\IceCoffee.AspNetCore.csproj", "{20576F08-A04B-42D7-ABB2-599C197B8361}"
EndProject
Global
	GlobalSection(SolutionConfigurationPlatforms) = preSolution
		Debug|Any CPU = Debug|Any CPU
		Release|Any CPU = Release|Any CPU
	EndGlobalSection
	GlobalSection(ProjectConfigurationPlatforms) = postSolution
		{87B738BB-34F6-4AB1-A583-B015F29369C9}.Debug|Any CPU.ActiveCfg = Debug|Any CPU
		{87B738BB-34F6-4AB1-A583-B015F29369C9}.Debug|Any CPU.Build.0 = Debug|Any CPU
		{87B738BB-34F6-4AB1-A583-B015F29369C9}.Release|Any CPU.ActiveCfg = Release|Any CPU
		{87B738BB-34F6-4AB1-A583-B015F29369C9}.Release|Any CPU.Build.0 = Release|Any CPU
		{54F351AA-6CA9-4AE0-AC37-06D860A2604B}.Debug|Any CPU.ActiveCfg = Debug|Any CPU
		{54F351AA-6CA9-4AE0-AC37-06D860A2604B}.Debug|Any CPU.Build.0 = Debug|Any CPU
		{54F351AA-6CA9-4AE0-AC37-06D860A2604B}.Release|Any CPU.ActiveCfg = Release|Any CPU
		{54F351AA-6CA9-4AE0-AC37-06D860A2604B}.Release|Any CPU.Build.0 = Release|Any CPU
		{1559E8E3-92FA-410A-BE28-6DF2492ED2D9}.Debug|Any CPU.ActiveCfg = Debug|Any CPU
		{1559E8E3-92FA-410A-BE28-6DF2492ED2D9}.Debug|Any CPU.Build.0 = Debug|Any CPU
		{1559E8E3-92FA-410A-BE28-6DF2492ED2D9}.Release|Any CPU.ActiveCfg = Release|Any CPU
		{1559E8E3-92FA-410A-BE28-6DF2492ED2D9}.Release|Any CPU.Build.0 = Release|Any CPU
		{20576F08-A04B-42D7-ABB2-599C197B8361}.Debug|Any CPU.ActiveCfg = Debug|Any CPU
		{20576F08-A04B-42D7-ABB2-599C197B8361}.Debug|Any CPU.Build.0 = Debug|Any CPU
		{20576F08-A04B-42D7-ABB2-599C197B8361}.Release|Any CPU.ActiveCfg = Release|Any CPU
		{20576F08-A04B-42D7-ABB2-599C197B8361}.Release|Any CPU.Build.0 = Release|Any CPU
	EndGlobalSection
	GlobalSection(SolutionProperties) = preSolution
		HideSolutionNode = FALSE
	EndGlobalSection
	GlobalSection(NestedProjects) = preSolution
		{1559E8E3-92FA-410A-BE28-6DF2492ED2D9} = {17B3A643-544E-43FA-8AC7-F9CF2B3BB2BD}
		{20576F08-A04B-42D7-ABB2-599C197B8361} = {17B3A643-544E-43FA-8AC7-F9CF2B3BB2BD}
	EndGlobalSection
	GlobalSection(ExtensibilityGlobals) = postSolution
		SolutionGuid = {07AA303E-BCFC-4D21-8613-9BC47521233B}
	EndGlobalSection
EndGlobal
